
Microsoft Visual Studio Solution File, Format Version 12.00
# Visual Studio Version 16
VisualStudioVersion = 16.0.30204.135
MinimumVisualStudioVersion = 10.0.40219.1
Project("{FAE04EC0-301F-11D3-BF4B-00C04F79EFBC}") = "ReflexionTiendas", "ReflexionTiendas\ReflexionTiendas.csproj", "{C24D7615-CDFA-42D6-809B-8494CFBED627}"
EndProject
Global
	GlobalSection(SolutionConfigurationPlatforms) = preSolution
		Debug|Any CPU = Debug|Any CPU
		Release|Any CPU = Release|Any CPU
	EndGlobalSection
	GlobalSection(ProjectConfigurationPlatforms) = postSolution
		{C24D7615-CDFA-42D6-809B-8494CFBED627}.Debug|Any CPU.ActiveCfg = Debug|Any CPU
		{C24D7615-CDFA-42D6-809B-8494CFBED627}.Debug|Any CPU.Build.0 = Debug|Any CPU
		{C24D7615-CDFA-42D6-809B-8494CFBED627}.Release|Any CPU.ActiveCfg = Release|Any CPU
		{C24D7615-CDFA-42D6-809B-8494CFBED627}.Release|Any CPU.Build.0 = Release|Any CPU
	EndGlobalSection
	GlobalSection(SolutionProperties) = preSolution
		HideSolutionNode = FALSE
	EndGlobalSection
	GlobalSection(ExtensibilityGlobals) = postSolution
		SolutionGuid = {2037F1C1-8B5E-48C3-8053-6B3C88221A60}
	EndGlobalSection
EndGlobal
