
Microsoft Visual Studio Solution File, Format Version 12.00
# Visual Studio Version 16
VisualStudioVersion = 16.0.30204.135
MinimumVisualStudioVersion = 10.0.40219.1
Project("{FAE04EC0-301F-11D3-BF4B-00C04F79EFBC}") = "ProgramacionParalelo", "ProgramacionParalelo\ProgramacionParalelo.csproj", "{D2A7637D-C2BC-4BBD-B94B-32B68DCBCE55}"
EndProject
Global
	GlobalSection(SolutionConfigurationPlatforms) = preSolution
		Debug|Any CPU = Debug|Any CPU
		Release|Any CPU = Release|Any CPU
	EndGlobalSection
	GlobalSection(ProjectConfigurationPlatforms) = postSolution
		{D2A7637D-C2BC-4BBD-B94B-32B68DCBCE55}.Debug|Any CPU.ActiveCfg = Debug|Any CPU
		{D2A7637D-C2BC-4BBD-B94B-32B68DCBCE55}.Debug|Any CPU.Build.0 = Debug|Any CPU
		{D2A7637D-C2BC-4BBD-B94B-32B68DCBCE55}.Release|Any CPU.ActiveCfg = Release|Any CPU
		{D2A7637D-C2BC-4BBD-B94B-32B68DCBCE55}.Release|Any CPU.Build.0 = Release|Any CPU
	EndGlobalSection
	GlobalSection(SolutionProperties) = preSolution
		HideSolutionNode = FALSE
	EndGlobalSection
	GlobalSection(ExtensibilityGlobals) = postSolution
		SolutionGuid = {45511F64-2ABD-42F4-8E84-8F84C0866CC8}
	EndGlobalSection
EndGlobal
