
Microsoft Visual Studio Solution File, Format Version 12.00
# Visual Studio Version 16
VisualStudioVersion = 16.0.30128.74
MinimumVisualStudioVersion = 10.0.40219.1
Project("{FAE04EC0-301F-11D3-BF4B-00C04F79EFBC}") = "EspacioNombres", "EspacioNombres\EspacioNombres.csproj", "{8487D7E2-200D-45D9-8592-6A551C792CD7}"
EndProject
Global
	GlobalSection(SolutionConfigurationPlatforms) = preSolution
		Debug|Any CPU = Debug|Any CPU
		Release|Any CPU = Release|Any CPU
	EndGlobalSection
	GlobalSection(ProjectConfigurationPlatforms) = postSolution
		{8487D7E2-200D-45D9-8592-6A551C792CD7}.Debug|Any CPU.ActiveCfg = Debug|Any CPU
		{8487D7E2-200D-45D9-8592-6A551C792CD7}.Debug|Any CPU.Build.0 = Debug|Any CPU
		{8487D7E2-200D-45D9-8592-6A551C792CD7}.Release|Any CPU.ActiveCfg = Release|Any CPU
		{8487D7E2-200D-45D9-8592-6A551C792CD7}.Release|Any CPU.Build.0 = Release|Any CPU
	EndGlobalSection
	GlobalSection(SolutionProperties) = preSolution
		HideSolutionNode = FALSE
	EndGlobalSection
	GlobalSection(ExtensibilityGlobals) = postSolution
		SolutionGuid = {DFD73F54-7B09-4C17-97FE-C7D637E6501D}
	EndGlobalSection
EndGlobal
