
Microsoft Visual Studio Solution File, Format Version 12.00
# Visual Studio Version 16
VisualStudioVersion = 16.0.30204.135
MinimumVisualStudioVersion = 10.0.40219.1
Project("{FAE04EC0-301F-11D3-BF4B-00C04F79EFBC}") = "Reflection", "Reflection\Reflection.csproj", "{624CAF23-79DE-434E-94E9-0FAE59CDFE0F}"
EndProject
Project("{FAE04EC0-301F-11D3-BF4B-00C04F79EFBC}") = "Calculadora", "Calculadora\Calculadora.csproj", "{34B070CA-CB4E-49B5-A2CD-B0A298D8ED7A}"
EndProject
Global
	GlobalSection(SolutionConfigurationPlatforms) = preSolution
		Debug|Any CPU = Debug|Any CPU
		Release|Any CPU = Release|Any CPU
	EndGlobalSection
	GlobalSection(ProjectConfigurationPlatforms) = postSolution
		{624CAF23-79DE-434E-94E9-0FAE59CDFE0F}.Debug|Any CPU.ActiveCfg = Debug|Any CPU
		{624CAF23-79DE-434E-94E9-0FAE59CDFE0F}.Debug|Any CPU.Build.0 = Debug|Any CPU
		{624CAF23-79DE-434E-94E9-0FAE59CDFE0F}.Release|Any CPU.ActiveCfg = Release|Any CPU
		{624CAF23-79DE-434E-94E9-0FAE59CDFE0F}.Release|Any CPU.Build.0 = Release|Any CPU
		{34B070CA-CB4E-49B5-A2CD-B0A298D8ED7A}.Debug|Any CPU.ActiveCfg = Debug|Any CPU
		{34B070CA-CB4E-49B5-A2CD-B0A298D8ED7A}.Debug|Any CPU.Build.0 = Debug|Any CPU
		{34B070CA-CB4E-49B5-A2CD-B0A298D8ED7A}.Release|Any CPU.ActiveCfg = Release|Any CPU
		{34B070CA-CB4E-49B5-A2CD-B0A298D8ED7A}.Release|Any CPU.Build.0 = Release|Any CPU
	EndGlobalSection
	GlobalSection(SolutionProperties) = preSolution
		HideSolutionNode = FALSE
	EndGlobalSection
	GlobalSection(ExtensibilityGlobals) = postSolution
		SolutionGuid = {55AF1590-5BE6-4FB7-BA5E-EFA4613DAE2D}
	EndGlobalSection
EndGlobal
