
Microsoft Visual Studio Solution File, Format Version 12.00
# Visual Studio Version 16
VisualStudioVersion = 16.0.30204.135
MinimumVisualStudioVersion = 10.0.40219.1
Project("{FAE04EC0-301F-11D3-BF4B-00C04F79EFBC}") = "CancelarTarea", "CancelarTarea\CancelarTarea.csproj", "{862AB9BE-97EB-4EDB-A127-E5376F8C9CBB}"
EndProject
Global
	GlobalSection(SolutionConfigurationPlatforms) = preSolution
		Debug|Any CPU = Debug|Any CPU
		Release|Any CPU = Release|Any CPU
	EndGlobalSection
	GlobalSection(ProjectConfigurationPlatforms) = postSolution
		{862AB9BE-97EB-4EDB-A127-E5376F8C9CBB}.Debug|Any CPU.ActiveCfg = Debug|Any CPU
		{862AB9BE-97EB-4EDB-A127-E5376F8C9CBB}.Debug|Any CPU.Build.0 = Debug|Any CPU
		{862AB9BE-97EB-4EDB-A127-E5376F8C9CBB}.Release|Any CPU.ActiveCfg = Release|Any CPU
		{862AB9BE-97EB-4EDB-A127-E5376F8C9CBB}.Release|Any CPU.Build.0 = Release|Any CPU
	EndGlobalSection
	GlobalSection(SolutionProperties) = preSolution
		HideSolutionNode = FALSE
	EndGlobalSection
	GlobalSection(ExtensibilityGlobals) = postSolution
		SolutionGuid = {1D0F6C77-2D87-437B-B31E-A07C5EA35F9B}
	EndGlobalSection
EndGlobal
