
Microsoft Visual Studio Solution File, Format Version 12.00
# Visual Studio Version 16
VisualStudioVersion = 16.0.30128.74
MinimumVisualStudioVersion = 10.0.40219.1
Project("{FAE04EC0-301F-11D3-BF4B-00C04F79EFBC}") = "ClaseAbstracta", "ClaseAbstracta\ClaseAbstracta.csproj", "{A8BC8944-A5A9-4DC9-9CC5-C7AA74E04B68}"
EndProject
Global
	GlobalSection(SolutionConfigurationPlatforms) = preSolution
		Debug|Any CPU = Debug|Any CPU
		Release|Any CPU = Release|Any CPU
	EndGlobalSection
	GlobalSection(ProjectConfigurationPlatforms) = postSolution
		{A8BC8944-A5A9-4DC9-9CC5-C7AA74E04B68}.Debug|Any CPU.ActiveCfg = Debug|Any CPU
		{A8BC8944-A5A9-4DC9-9CC5-C7AA74E04B68}.Debug|Any CPU.Build.0 = Debug|Any CPU
		{A8BC8944-A5A9-4DC9-9CC5-C7AA74E04B68}.Release|Any CPU.ActiveCfg = Release|Any CPU
		{A8BC8944-A5A9-4DC9-9CC5-C7AA74E04B68}.Release|Any CPU.Build.0 = Release|Any CPU
	EndGlobalSection
	GlobalSection(SolutionProperties) = preSolution
		HideSolutionNode = FALSE
	EndGlobalSection
	GlobalSection(ExtensibilityGlobals) = postSolution
		SolutionGuid = {7DBC65B1-5378-42C1-9FF2-457758062820}
	EndGlobalSection
EndGlobal
