
Microsoft Visual Studio Solution File, Format Version 12.00
# Visual Studio Version 16
VisualStudioVersion = 16.0.30128.74
MinimumVisualStudioVersion = 10.0.40219.1
Project("{FAE04EC0-301F-11D3-BF4B-00C04F79EFBC}") = "MiSortedList", "MiSortedList\MiSortedList.csproj", "{692773BA-FAB7-4405-99E6-F40CF7F4FAF4}"
EndProject
Global
	GlobalSection(SolutionConfigurationPlatforms) = preSolution
		Debug|Any CPU = Debug|Any CPU
		Release|Any CPU = Release|Any CPU
	EndGlobalSection
	GlobalSection(ProjectConfigurationPlatforms) = postSolution
		{692773BA-FAB7-4405-99E6-F40CF7F4FAF4}.Debug|Any CPU.ActiveCfg = Debug|Any CPU
		{692773BA-FAB7-4405-99E6-F40CF7F4FAF4}.Debug|Any CPU.Build.0 = Debug|Any CPU
		{692773BA-FAB7-4405-99E6-F40CF7F4FAF4}.Release|Any CPU.ActiveCfg = Release|Any CPU
		{692773BA-FAB7-4405-99E6-F40CF7F4FAF4}.Release|Any CPU.Build.0 = Release|Any CPU
	EndGlobalSection
	GlobalSection(SolutionProperties) = preSolution
		HideSolutionNode = FALSE
	EndGlobalSection
	GlobalSection(ExtensibilityGlobals) = postSolution
		SolutionGuid = {B8537FEA-6297-4518-A92F-70DC1640B553}
	EndGlobalSection
EndGlobal
